
Microsoft Visual Studio Solution File, Format Version 12.00
# Visual Studio Version 17
VisualStudioVersion = 17.2.32516.85
MinimumVisualStudioVersion = 10.0.40219.1
Project("{9A19103F-16F7-4668-BE54-9A1E7A4F7556}") = "Knjižara", "Knjižara\Knjižara.csproj", "{29D1A57F-5526-40EF-BF46-A4E7608993B4}"
EndProject
Project("{9A19103F-16F7-4668-BE54-9A1E7A4F7556}") = "PRAPristupBazi", "PRAPristupBazi\PRAPristupBazi.csproj", "{898EF947-70FC-4A52-99FC-4DC6BF2E3C35}"
EndProject
Project("{9A19103F-16F7-4668-BE54-9A1E7A4F7556}") = "PRAPristupBaziUnitTestovi", "PRAPristupBaziUnitTestovi\PRAPristupBaziUnitTestovi.csproj", "{FC35E5DA-6A1B-4E8A-A8AC-8CF92C361F69}"
EndProject
Global
	GlobalSection(SolutionConfigurationPlatforms) = preSolution
		Debug|Any CPU = Debug|Any CPU
		Release|Any CPU = Release|Any CPU
	EndGlobalSection
	GlobalSection(ProjectConfigurationPlatforms) = postSolution
		{29D1A57F-5526-40EF-BF46-A4E7608993B4}.Debug|Any CPU.ActiveCfg = Debug|Any CPU
		{29D1A57F-5526-40EF-BF46-A4E7608993B4}.Debug|Any CPU.Build.0 = Debug|Any CPU
		{29D1A57F-5526-40EF-BF46-A4E7608993B4}.Release|Any CPU.ActiveCfg = Release|Any CPU
		{29D1A57F-5526-40EF-BF46-A4E7608993B4}.Release|Any CPU.Build.0 = Release|Any CPU
		{898EF947-70FC-4A52-99FC-4DC6BF2E3C35}.Debug|Any CPU.ActiveCfg = Debug|Any CPU
		{898EF947-70FC-4A52-99FC-4DC6BF2E3C35}.Debug|Any CPU.Build.0 = Debug|Any CPU
		{898EF947-70FC-4A52-99FC-4DC6BF2E3C35}.Release|Any CPU.ActiveCfg = Release|Any CPU
		{898EF947-70FC-4A52-99FC-4DC6BF2E3C35}.Release|Any CPU.Build.0 = Release|Any CPU
		{FC35E5DA-6A1B-4E8A-A8AC-8CF92C361F69}.Debug|Any CPU.ActiveCfg = Debug|Any CPU
		{FC35E5DA-6A1B-4E8A-A8AC-8CF92C361F69}.Debug|Any CPU.Build.0 = Debug|Any CPU
		{FC35E5DA-6A1B-4E8A-A8AC-8CF92C361F69}.Release|Any CPU.ActiveCfg = Release|Any CPU
		{FC35E5DA-6A1B-4E8A-A8AC-8CF92C361F69}.Release|Any CPU.Build.0 = Release|Any CPU
	EndGlobalSection
	GlobalSection(SolutionProperties) = preSolution
		HideSolutionNode = FALSE
	EndGlobalSection
	GlobalSection(ExtensibilityGlobals) = postSolution
		SolutionGuid = {B083743E-5C1A-4342-A943-FE8DBA4FEF98}
	EndGlobalSection
EndGlobal
